// !$*UTF8*$!
{
	archiveVersion = 1;
	classes = {
	};
	objectVersion = 46;
	objects = {

/* Begin PBXBuildFile section */
		47C2BD2F1546865D43D24DEE /* Pods_RainyShiny.framework in Frameworks */ = {isa = PBXBuildFile; fileRef = FDA4780FFCEB55F171EA3F05 /* Pods_RainyShiny.framework */; };
		6814D3681E9A96F600DEC01B /* Location.swift in Sources */ = {isa = PBXBuildFile; fileRef = 6814D3671E9A96F600DEC01B /* Location.swift */; };
		6859B43D1E99FEF80029309A /* AppDelegate.swift in Sources */ = {isa = PBXBuildFile; fileRef = 6859B43C1E99FEF80029309A /* AppDelegate.swift */; };
		6859B43F1E99FEF80029309A /* WeatherVC.swift in Sources */ = {isa = PBXBuildFile; fileRef = 6859B43E1E99FEF80029309A /* WeatherVC.swift */; };
		6859B4421E99FEF80029309A /* Main.storyboard in Resources */ = {isa = PBXBuildFile; fileRef = 6859B4401E99FEF80029309A /* Main.storyboard */; };
		6859B4441E99FEF80029309A /* Assets.xcassets in Resources */ = {isa = PBXBuildFile; fileRef = 6859B4431E99FEF80029309A /* Assets.xcassets */; };
		6859B4471E99FEF80029309A /* LaunchScreen.storyboard in Resources */ = {isa = PBXBuildFile; fileRef = 6859B4451E99FEF80029309A /* LaunchScreen.storyboard */; };
		6859B44F1E9A2E6E0029309A /* Constants.swift in Sources */ = {isa = PBXBuildFile; fileRef = 6859B44E1E9A2E6E0029309A /* Constants.swift */; };
		6859B4511E9A33B30029309A /* CurrentWeather.swift in Sources */ = {isa = PBXBuildFile; fileRef = 6859B4501E9A33B20029309A /* CurrentWeather.swift */; };
		6859B4531E9A65610029309A /* WeatherCell.swift in Sources */ = {isa = PBXBuildFile; fileRef = 6859B4521E9A65610029309A /* WeatherCell.swift */; };
		6859B4551E9A669D0029309A /* Forecast.swift in Sources */ = {isa = PBXBuildFile; fileRef = 6859B4541E9A669D0029309A /* Forecast.swift */; };
/* End PBXBuildFile section */

/* Begin PBXFileReference section */
		45857F12C1C94BF23CEF6F07 /* Pods-RainyShiny.release.xcconfig */ = {isa = PBXFileReference; includeInIndex = 1; lastKnownFileType = text.xcconfig; name = "Pods-RainyShiny.release.xcconfig"; path = "Pods/Target Support Files/Pods-RainyShiny/Pods-RainyShiny.release.xcconfig"; sourceTree = "<group>"; };
		6814D3671E9A96F600DEC01B /* Location.swift */ = {isa = PBXFileReference; fileEncoding = 4; lastKnownFileType = sourcecode.swift; path = Location.swift; sourceTree = "<group>"; };
		6859B4391E99FEF80029309A /* RainyShiny.app */ = {isa = PBXFileReference; explicitFileType = wrapper.application; includeInIndex = 0; path = RainyShiny.app; sourceTree = BUILT_PRODUCTS_DIR; };
		6859B43C1E99FEF80029309A /* AppDelegate.swift */ = {isa = PBXFileReference; lastKnownFileType = sourcecode.swift; path = AppDelegate.swift; sourceTree = "<group>"; };
		6859B43E1E99FEF80029309A /* WeatherVC.swift */ = {isa = PBXFileReference; lastKnownFileType = sourcecode.swift; path = WeatherVC.swift; sourceTree = "<group>"; };
		6859B4411E99FEF80029309A /* Base */ = {isa = PBXFileReference; lastKnownFileType = file.storyboard; name = Base; path = Base.lproj/Main.storyboard; sourceTree = "<group>"; };
		6859B4431E99FEF80029309A /* Assets.xcassets */ = {isa = PBXFileReference; lastKnownFileType = folder.assetcatalog; path = Assets.xcassets; sourceTree = "<group>"; };
		6859B4461E99FEF80029309A /* Base */ = {isa = PBXFileReference; lastKnownFileType = file.storyboard; name = Base; path = Base.lproj/LaunchScreen.storyboard; sourceTree = "<group>"; };
		6859B4481E99FEF80029309A /* Info.plist */ = {isa = PBXFileReference; lastKnownFileType = text.plist.xml; path = Info.plist; sourceTree = "<group>"; };
		6859B44E1E9A2E6E0029309A /* Constants.swift */ = {isa = PBXFileReference; fileEncoding = 4; lastKnownFileType = sourcecode.swift; path = Constants.swift; sourceTree = "<group>"; };
		6859B4501E9A33B20029309A /* CurrentWeather.swift */ = {isa = PBXFileReference; fileEncoding = 4; lastKnownFileType = sourcecode.swift; path = CurrentWeather.swift; sourceTree = "<group>"; };
		6859B4521E9A65610029309A /* WeatherCell.swift */ = {isa = PBXFileReference; fileEncoding = 4; lastKnownFileType = sourcecode.swift; path = WeatherCell.swift; sourceTree = "<group>"; };
		6859B4541E9A669D0029309A /* Forecast.swift */ = {isa = PBXFileReference; fileEncoding = 4; lastKnownFileType = sourcecode.swift; path = Forecast.swift; sourceTree = "<group>"; };
		B659FE108814D0587261D16A /* Pods-RainyShiny.debug.xcconfig */ = {isa = PBXFileReference; includeInIndex = 1; lastKnownFileType = text.xcconfig; name = "Pods-RainyShiny.debug.xcconfig"; path = "Pods/Target Support Files/Pods-RainyShiny/Pods-RainyShiny.debug.xcconfig"; sourceTree = "<group>"; };
		FDA4780FFCEB55F171EA3F05 /* Pods_RainyShiny.framework */ = {isa = PBXFileReference; explicitFileType = wrapper.framework; includeInIndex = 0; path = Pods_RainyShiny.framework; sourceTree = BUILT_PRODUCTS_DIR; };
/* End PBXFileReference section */

/* Begin PBXFrameworksBuildPhase section */
		6859B4361E99FEF80029309A /* Frameworks */ = {
			isa = PBXFrameworksBuildPhase;
			buildActionMask = 2147483647;
			files = (
				47C2BD2F1546865D43D24DEE /* Pods_RainyShiny.framework in Frameworks */,
			);
			runOnlyForDeploymentPostprocessing = 0;
		};
/* End PBXFrameworksBuildPhase section */

/* Begin PBXGroup section */
		6859B4301E99FEF70029309A = {
			isa = PBXGroup;
			children = (
				6859B43B1E99FEF80029309A /* RainyShiny */,
				6859B43A1E99FEF80029309A /* Products */,
				6CAE89D44E1E5227FFB199BB /* Pods */,
				E49A2B6AA3F57B55B45E4EC9 /* Frameworks */,
			);
			sourceTree = "<group>";
		};
		6859B43A1E99FEF80029309A /* Products */ = {
			isa = PBXGroup;
			children = (
				6859B4391E99FEF80029309A /* RainyShiny.app */,
			);
			name = Products;
			sourceTree = "<group>";
		};
		6859B43B1E99FEF80029309A /* RainyShiny */ = {
			isa = PBXGroup;
			children = (
				6859B43C1E99FEF80029309A /* AppDelegate.swift */,
				6859B43E1E99FEF80029309A /* WeatherVC.swift */,
				6859B4401E99FEF80029309A /* Main.storyboard */,
				6859B4431E99FEF80029309A /* Assets.xcassets */,
				6859B4451E99FEF80029309A /* LaunchScreen.storyboard */,
				6859B4481E99FEF80029309A /* Info.plist */,
				6859B44E1E9A2E6E0029309A /* Constants.swift */,
				6859B4501E9A33B20029309A /* CurrentWeather.swift */,
				6859B4521E9A65610029309A /* WeatherCell.swift */,
				6859B4541E9A669D0029309A /* Forecast.swift */,
				6814D3671E9A96F600DEC01B /* Location.swift */,
			);
			path = RainyShiny;
			sourceTree = "<group>";
		};
		6CAE89D44E1E5227FFB199BB /* Pods */ = {
			isa = PBXGroup;
			children = (
				B659FE108814D0587261D16A /* Pods-RainyShiny.debug.xcconfig */,
				45857F12C1C94BF23CEF6F07 /* Pods-RainyShiny.release.xcconfig */,
			);
			name = Pods;
			sourceTree = "<group>";
		};
		E49A2B6AA3F57B55B45E4EC9 /* Frameworks */ = {
			isa = PBXGroup;
			children = (
				FDA4780FFCEB55F171EA3F05 /* Pods_RainyShiny.framework */,
			);
			name = Frameworks;
			sourceTree = "<group>";
		};
/* End PBXGroup section */

/* Begin PBXNativeTarget section */
		6859B4381E99FEF80029309A /* RainyShiny */ = {
			isa = PBXNativeTarget;
			buildConfigurationList = 6859B44B1E99FEF80029309A /* Build configuration list for PBXNativeTarget "RainyShiny" */;
			buildPhases = (
				79D9A573DCCBD7B6D5B31879 /* [CP] Check Pods Manifest.lock */,
				6859B4351E99FEF80029309A /* Sources */,
				6859B4361E99FEF80029309A /* Frameworks */,
				6859B4371E99FEF80029309A /* Resources */,
				6130AC4C9DD502A1C0EE0722 /* [CP] Embed Pods Frameworks */,
				A7B9A052E4216107711A1A5A /* [CP] Copy Pods Resources */,
			);
			buildRules = (
			);
			dependencies = (
			);
			name = RainyShiny;
			productName = RainyShiny;
			productReference = 6859B4391E99FEF80029309A /* RainyShiny.app */;
			productType = "com.apple.product-type.application";
		};
/* End PBXNativeTarget section */

/* Begin PBXProject section */
		6859B4311E99FEF70029309A /* Project object */ = {
			isa = PBXProject;
			attributes = {
				LastSwiftUpdateCheck = 0830;
				LastUpgradeCheck = 0830;
				ORGANIZATIONNAME = "Raghav Vashisht";
				TargetAttributes = {
					6859B4381E99FEF80029309A = {
						CreatedOnToolsVersion = 8.3;
						DevelopmentTeam = Z3BGLCCPGN;
						ProvisioningStyle = Automatic;
					};
				};
			};
			buildConfigurationList = 6859B4341E99FEF70029309A /* Build configuration list for PBXProject "RainyShiny" */;
			compatibilityVersion = "Xcode 3.2";
			developmentRegion = English;
			hasScannedForEncodings = 0;
			knownRegions = (
				en,
				Base,
			);
			mainGroup = 6859B4301E99FEF70029309A;
			productRefGroup = 6859B43A1E99FEF80029309A /* Products */;
			projectDirPath = "";
			projectRoot = "";
			targets = (
				6859B4381E99FEF80029309A /* RainyShiny */,
			);
		};
/* End PBXProject section */

/* Begin PBXResourcesBuildPhase section */
		6859B4371E99FEF80029309A /* Resources */ = {
			isa = PBXResourcesBuildPhase;
			buildActionMask = 2147483647;
			files = (
				6859B4471E99FEF80029309A /* LaunchScreen.storyboard in Resources */,
				6859B4441E99FEF80029309A /* Assets.xcassets in Resources */,
				6859B4421E99FEF80029309A /* Main.storyboard in Resources */,
			);
			runOnlyForDeploymentPostprocessing = 0;
		};
/* End PBXResourcesBuildPhase section */

/* Begin PBXShellScriptBuildPhase section */
		6130AC4C9DD502A1C0EE0722 /* [CP] Embed Pods Frameworks */ = {
			isa = PBXShellScriptBuildPhase;
			buildActionMask = 2147483647;
			files = (
			);
			inputPaths = (
			);
			name = "[CP] Embed Pods Frameworks";
			outputPaths = (
			);
			runOnlyForDeploymentPostprocessing = 0;
			shellPath = /bin/sh;
			shellScript = "\"${SRCROOT}/Pods/Target Support Files/Pods-RainyShiny/Pods-RainyShiny-frameworks.sh\"\n";
			showEnvVarsInLog = 0;
		};
		79D9A573DCCBD7B6D5B31879 /* [CP] Check Pods Manifest.lock */ = {
			isa = PBXShellScriptBuildPhase;
			buildActionMask = 2147483647;
			files = (
			);
			inputPaths = (
			);
			name = "[CP] Check Pods Manifest.lock";
			outputPaths = (
			);
			runOnlyForDeploymentPostprocessing = 0;
			shellPath = /bin/sh;
			shellScript = "diff \"${PODS_ROOT}/../Podfile.lock\" \"${PODS_ROOT}/Manifest.lock\" > /dev/null\nif [ $? != 0 ] ; then\n    # print error to STDERR\n    echo \"error: The sandbox is not in sync with the Podfile.lock. Run 'pod install' or update your CocoaPods installation.\" >&2\n    exit 1\nfi\n";
			showEnvVarsInLog = 0;
		};
		A7B9A052E4216107711A1A5A /* [CP] Copy Pods Resources */ = {
			isa = PBXShellScriptBuildPhase;
			buildActionMask = 2147483647;
			files = (
			);
			inputPaths = (
			);
			name = "[CP] Copy Pods Resources";
			outputPaths = (
			);
			runOnlyForDeploymentPostprocessing = 0;
			shellPath = /bin/sh;
			shellScript = "\"${SRCROOT}/Pods/Target Support Files/Pods-RainyShiny/Pods-RainyShiny-resources.sh\"\n";
			showEnvVarsInLog = 0;
		};
/* End PBXShellScriptBuildPhase section */

/* Begin PBXSourcesBuildPhase section */
		6859B4351E99FEF80029309A /* Sources */ = {
			isa = PBXSourcesBuildPhase;
			buildActionMask = 2147483647;
			files = (
				6859B43F1E99FEF80029309A /* WeatherVC.swift in Sources */,
				6859B43D1E99FEF80029309A /* AppDelegate.swift in Sources */,
				6859B4531E9A65610029309A /* WeatherCell.swift in Sources */,
				6859B4511E9A33B30029309A /* CurrentWeather.swift in Sources */,
				6859B4551E9A669D0029309A /* Forecast.swift in Sources */,
				6859B44F1E9A2E6E0029309A /* Constants.swift in Sources */,
				6814D3681E9A96F600DEC01B /* Location.swift in Sources */,
			);
			runOnlyForDeploymentPostprocessing = 0;
		};
/* End PBXSourcesBuildPhase section */

/* Begin PBXVariantGroup section */
		6859B4401E99FEF80029309A /* Main.storyboard */ = {
			isa = PBXVariantGroup;
			children = (
				6859B4411E99FEF80029309A /* Base */,
			);
			name = Main.storyboard;
			sourceTree = "<group>";
		};
		6859B4451E99FEF80029309A /* LaunchScreen.storyboard */ = {
			isa = PBXVariantGroup;
			children = (
				6859B4461E99FEF80029309A /* Base */,
			);
			name = LaunchScreen.storyboard;
			sourceTree = "<group>";
		};
/* End PBXVariantGroup section */

/* Begin XCBuildConfiguration section */
		6859B4491E99FEF80029309A /* Debug */ = {
			isa = XCBuildConfiguration;
			buildSettings = {
				ALWAYS_SEARCH_USER_PATHS = NO;
				CLANG_ANALYZER_NONNULL = YES;
				CLANG_ANALYZER_NUMBER_OBJECT_CONVERSION = YES_AGGRESSIVE;
				CLANG_CXX_LANGUAGE_STANDARD = "gnu++0x";
				CLANG_CXX_LIBRARY = "libc++";
				CLANG_ENABLE_MODULES = YES;
				CLANG_ENABLE_OBJC_ARC = YES;
				CLANG_WARN_BOOL_CONVERSION = YES;
				CLANG_WARN_CONSTANT_CONVERSION = YES;
				CLANG_WARN_DIRECT_OBJC_ISA_USAGE = YES_ERROR;
				CLANG_WARN_DOCUMENTATION_COMMENTS = YES;
				CLANG_WARN_EMPTY_BODY = YES;
				CLANG_WARN_ENUM_CONVERSION = YES;
				CLANG_WARN_INFINITE_RECURSION = YES;
				CLANG_WARN_INT_CONVERSION = YES;
				CLANG_WARN_OBJC_ROOT_CLASS = YES_ERROR;
				CLANG_WARN_SUSPICIOUS_MOVE = YES;
				CLANG_WARN_UNREACHABLE_CODE = YES;
				CLANG_WARN__DUPLICATE_METHOD_MATCH = YES;
				"CODE_SIGN_IDENTITY[sdk=iphoneos*]" = "iPhone Developer";
				COPY_PHASE_STRIP = NO;
				DEBUG_INFORMATION_FORMAT = dwarf;
				ENABLE_STRICT_OBJC_MSGSEND = YES;
				ENABLE_TESTABILITY = YES;
				GCC_C_LANGUAGE_STANDARD = gnu99;
				GCC_DYNAMIC_NO_PIC = NO;
				GCC_NO_COMMON_BLOCKS = YES;
				GCC_OPTIMIZATION_LEVEL = 0;
				GCC_PREPROCESSOR_DEFINITIONS = (
					"DEBUG=1",
					"$(inherited)",
				);
				GCC_WARN_64_TO_32_BIT_CONVERSION = YES;
				GCC_WARN_ABOUT_RETURN_TYPE = YES_ERROR;
				GCC_WARN_UNDECLARED_SELECTOR = YES;
				GCC_WARN_UNINITIALIZED_AUTOS = YES_AGGRESSIVE;
				GCC_WARN_UNUSED_FUNCTION = YES;
				GCC_WARN_UNUSED_VARIABLE = YES;
				IPHONEOS_DEPLOYMENT_TARGET = 10.3;
				MTL_ENABLE_DEBUG_INFO = YES;
				ONLY_ACTIVE_ARCH = YES;
				SDKROOT = iphoneos;
				SWIFT_ACTIVE_COMPILATION_CONDITIONS = DEBUG;
				SWIFT_OPTIMIZATION_LEVEL = "-Onone";
				TARGETED_DEVICE_FAMILY = "1,2";
			};
			name = Debug;
		};
		6859B44A1E99FEF80029309A /* Release */ = {
			isa = XCBuildConfiguration;
			buildSettings = {
				ALWAYS_SEARCH_USER_PATHS = NO;
				CLANG_ANALYZER_NONNULL = YES;
				CLANG_ANALYZER_NUMBER_OBJECT_CONVERSION = YES_AGGRESSIVE;
				CLANG_CXX_LANGUAGE_STANDARD = "gnu++0x";
				CLANG_CXX_LIBRARY = "libc++";
				CLANG_ENABLE_MODULES = YES;
				CLANG_ENABLE_OBJC_ARC = YES;
				CLANG_WARN_BOOL_CONVERSION = YES;
				CLANG_WARN_CONSTANT_CONVERSION = YES;
				CLANG_WARN_DIRECT_OBJC_ISA_USAGE = YES_ERROR;
				CLANG_WARN_DOCUMENTATION_COMMENTS = YES;
				CLANG_WARN_EMPTY_BODY = YES;
				CLANG_WARN_ENUM_CONVERSION = YES;
				CLANG_WARN_INFINITE_RECURSION = YES;
				CLANG_WARN_INT_CONVERSION = YES;
				CLANG_WARN_OBJC_ROOT_CLASS = YES_ERROR;
				CLANG_WARN_SUSPICIOUS_MOVE = YES;
				CLANG_WARN_UNREACHABLE_CODE = YES;
				CLANG_WARN__DUPLICATE_METHOD_MATCH = YES;
				"CODE_SIGN_IDENTITY[sdk=iphoneos*]" = "iPhone Developer";
				COPY_PHASE_STRIP = NO;
				DEBUG_INFORMATION_FORMAT = "dwarf-with-dsym";
				ENABLE_NS_ASSERTIONS = NO;
				ENABLE_STRICT_OBJC_MSGSEND = YES;
				GCC_C_LANGUAGE_STANDARD = gnu99;
				GCC_NO_COMMON_BLOCKS = YES;
				GCC_WARN_64_TO_32_BIT_CONVERSION = YES;
				GCC_WARN_ABOUT_RETURN_TYPE = YES_ERROR;
				GCC_WARN_UNDECLARED_SELECTOR = YES;
				GCC_WARN_UNINITIALIZED_AUTOS = YES_AGGRESSIVE;
				GCC_WARN_UNUSED_FUNCTION = YES;
				GCC_WARN_UNUSED_VARIABLE = YES;
				IPHONEOS_DEPLOYMENT_TARGET = 10.3;
				MTL_ENABLE_DEBUG_INFO = NO;
				SDKROOT = iphoneos;
				SWIFT_OPTIMIZATION_LEVEL = "-Owholemodule";
				TARGETED_DEVICE_FAMILY = "1,2";
				VALIDATE_PRODUCT = YES;
			};
			name = Release;
		};
		6859B44C1E99FEF80029309A /* Debug */ = {
			isa = XCBuildConfiguration;
			baseConfigurationReference = B659FE108814D0587261D16A /* Pods-RainyShiny.debug.xcconfig */;
			buildSettings = {
				ASSETCATALOG_COMPILER_APPICON_NAME = AppIcon;
				DEVELOPMENT_TEAM = Z3BGLCCPGN;
				INFOPLIST_FILE = RainyShiny/Info.plist;
				IPHONEOS_DEPLOYMENT_TARGET = 10.0;
				LD_RUNPATH_SEARCH_PATHS = "$(inherited) @executable_path/Frameworks";
				PRODUCT_BUNDLE_IDENTIFIER = self.RainyShiny;
				PRODUCT_NAME = "$(TARGET_NAME)";
				SWIFT_VERSION = 3.0;
				TARGETED_DEVICE_FAMILY = 1;
			};
			name = Debug;
		};
		6859B44D1E99FEF80029309A /* Release */ = {
			isa = XCBuildConfiguration;
			baseConfigurationReference = 45857F12C1C94BF23CEF6F07 /* Pods-RainyShiny.release.xcconfig */;
			buildSettings = {
				ASSETCATALOG_COMPILER_APPICON_NAME = AppIcon;
				DEVELOPMENT_TEAM = Z3BGLCCPGN;
				INFOPLIST_FILE = RainyShiny/Info.plist;
				IPHONEOS_DEPLOYMENT_TARGET = 10.0;
				LD_RUNPATH_SEARCH_PATHS = "$(inherited) @executable_path/Frameworks";
				PRODUCT_BUNDLE_IDENTIFIER = self.RainyShiny;
				PRODUCT_NAME = "$(TARGET_NAME)";
				SWIFT_VERSION = 3.0;
				TARGETED_DEVICE_FAMILY = 1;
			};
			name = Release;
		};
/* End XCBuildConfiguration section */

/* Begin XCConfigurationList section */
		6859B4341E99FEF70029309A /* Build configuration list for PBXProject "RainyShiny" */ = {
			isa = XCConfigurationList;
			buildConfigurations = (
				6859B4491E99FEF80029309A /* Debug */,
				6859B44A1E99FEF80029309A /* Release */,
			);
			defaultConfigurationIsVisible = 0;
			defaultConfigurationName = Release;
		};
		6859B44B1E99FEF80029309A /* Build configuration list for PBXNativeTarget "RainyShiny" */ = {
			isa = XCConfigurationList;
			buildConfigurations = (
				6859B44C1E99FEF80029309A /* Debug */,
				6859B44D1E99FEF80029309A /* Release */,
			);
			defaultConfigurationIsVisible = 0;
			defaultConfigurationName = Release;
		};
/* End XCConfigurationList section */
	};
	rootObject = 6859B4311E99FEF70029309A /* Project object */;
}
